{
  "name": "mrbeast-daily-twitter",
  "lockfileVersion": 3,
  "requires": true,
  "packages": {
    "": {
      "name": "mrbeast-daily-twitter",
      "dependencies": {
        "cron": "^3.1.7"
      }
    },
    "node_modules/@types/luxon": {
      "version": "3.4.2",
      "license": "MIT"
    },
    "node_modules/cron": {
      "version": "3.1.7",
      "license": "MIT",
      "dependencies": {
        "@types/luxon": "~3.4.0",
        "luxon": "~3.4.0"
      }
    },
    "node_modules/luxon": {
      "version": "3.4.4",
      "license": "MIT",
      "engines": {
        "node": ">=12"
      }
    }
  }
}
